// !$*UTF8*$!
{
	archiveVersion = 1;
	classes = {
	};
	objectVersion = 50;
	objects = {

/* Begin PBXBuildFile section */
		0406BF0922852AD200181CEA /* AppDelegate.m in Sources */ = {isa = PBXBuildFile; fileRef = 0406BF0822852AD200181CEA /* AppDelegate.m */; };
		0406BF0C22852AD200181CEA /* ViewController.m in Sources */ = {isa = PBXBuildFile; fileRef = 0406BF0B22852AD200181CEA /* ViewController.m */; };
		0406BF0E22852AD300181CEA /* Assets.xcassets in Resources */ = {isa = PBXBuildFile; fileRef = 0406BF0D22852AD300181CEA /* Assets.xcassets */; };
		0406BF1122852AD300181CEA /* Main.storyboard in Resources */ = {isa = PBXBuildFile; fileRef = 0406BF0F22852AD300181CEA /* Main.storyboard */; };
		0406BF1422852AD300181CEA /* main.m in Sources */ = {isa = PBXBuildFile; fileRef = 0406BF1322852AD300181CEA /* main.m */; };
/* End PBXBuildFile section */

/* Begin PBXFileReference section */
		0406BF0422852AD200181CEA /* DCFindUnusedCodeTool.app */ = {isa = PBXFileReference; explicitFileType = wrapper.application; includeInIndex = 0; path = DCFindUnusedCodeTool.app; sourceTree = BUILT_PRODUCTS_DIR; };
		0406BF0722852AD200181CEA /* AppDelegate.h */ = {isa = PBXFileReference; lastKnownFileType = sourcecode.c.h; path = AppDelegate.h; sourceTree = "<group>"; };
		0406BF0822852AD200181CEA /* AppDelegate.m */ = {isa = PBXFileReference; lastKnownFileType = sourcecode.c.objc; path = AppDelegate.m; sourceTree = "<group>"; };
		0406BF0A22852AD200181CEA /* ViewController.h */ = {isa = PBXFileReference; lastKnownFileType = sourcecode.c.h; path = ViewController.h; sourceTree = "<group>"; };
		0406BF0B22852AD200181CEA /* ViewController.m */ = {isa = PBXFileReference; lastKnownFileType = sourcecode.c.objc; path = ViewController.m; sourceTree = "<group>"; };
		0406BF0D22852AD300181CEA /* Assets.xcassets */ = {isa = PBXFileReference; lastKnownFileType = folder.assetcatalog; path = Assets.xcassets; sourceTree = "<group>"; };
		0406BF1022852AD300181CEA /* Base */ = {isa = PBXFileReference; lastKnownFileType = file.storyboard; name = Base; path = Base.lproj/Main.storyboard; sourceTree = "<group>"; };
		0406BF1222852AD300181CEA /* Info.plist */ = {isa = PBXFileReference; lastKnownFileType = text.plist.xml; path = Info.plist; sourceTree = "<group>"; };
		0406BF1322852AD300181CEA /* main.m */ = {isa = PBXFileReference; lastKnownFileType = sourcecode.c.objc; path = main.m; sourceTree = "<group>"; };
		0406BF1522852AD300181CEA /* DCFindUnusedCodeTool.entitlements */ = {isa = PBXFileReference; lastKnownFileType = text.plist.entitlements; path = DCFindUnusedCodeTool.entitlements; sourceTree = "<group>"; };
/* End PBXFileReference section */

/* Begin PBXFrameworksBuildPhase section */
		0406BF0122852AD200181CEA /* Frameworks */ = {
			isa = PBXFrameworksBuildPhase;
			buildActionMask = 2147483647;
			files = (
			);
			runOnlyForDeploymentPostprocessing = 0;
		};
/* End PBXFrameworksBuildPhase section */

/* Begin PBXGroup section */
		0406BEFB22852AD100181CEA = {
			isa = PBXGroup;
			children = (
				0406BF0622852AD200181CEA /* DCFindUnusedCodeTool */,
				0406BF0522852AD200181CEA /* Products */,
			);
			sourceTree = "<group>";
		};
		0406BF0522852AD200181CEA /* Products */ = {
			isa = PBXGroup;
			children = (
				0406BF0422852AD200181CEA /* DCFindUnusedCodeTool.app */,
			);
			name = Products;
			sourceTree = "<group>";
		};
		0406BF0622852AD200181CEA /* DCFindUnusedCodeTool */ = {
			isa = PBXGroup;
			children = (
				0406BF0722852AD200181CEA /* AppDelegate.h */,
				0406BF0822852AD200181CEA /* AppDelegate.m */,
				0406BF0A22852AD200181CEA /* ViewController.h */,
				0406BF0B22852AD200181CEA /* ViewController.m */,
				0406BF0D22852AD300181CEA /* Assets.xcassets */,
				0406BF0F22852AD300181CEA /* Main.storyboard */,
				0406BF1222852AD300181CEA /* Info.plist */,
				0406BF1322852AD300181CEA /* main.m */,
				0406BF1522852AD300181CEA /* DCFindUnusedCodeTool.entitlements */,
			);
			path = DCFindUnusedCodeTool;
			sourceTree = "<group>";
		};
/* End PBXGroup section */

/* Begin PBXNativeTarget section */
		0406BF0322852AD200181CEA /* DCFindUnusedCodeTool */ = {
			isa = PBXNativeTarget;
			buildConfigurationList = 0406BF1822852AD300181CEA /* Build configuration list for PBXNativeTarget "DCFindUnusedCodeTool" */;
			buildPhases = (
				0406BF0022852AD200181CEA /* Sources */,
				0406BF0122852AD200181CEA /* Frameworks */,
				0406BF0222852AD200181CEA /* Resources */,
			);
			buildRules = (
			);
			dependencies = (
			);
			name = DCFindUnusedCodeTool;
			productName = DCFindUnusedCodeTool;
			productReference = 0406BF0422852AD200181CEA /* DCFindUnusedCodeTool.app */;
			productType = "com.apple.product-type.application";
		};
/* End PBXNativeTarget section */

/* Begin PBXProject section */
		0406BEFC22852AD100181CEA /* Project object */ = {
			isa = PBXProject;
			attributes = {
				LastUpgradeCheck = 1010;
				ORGANIZATIONNAME = xzm;
				TargetAttributes = {
					0406BF0322852AD200181CEA = {
						CreatedOnToolsVersion = 10.1;
					};
				};
			};
			buildConfigurationList = 0406BEFF22852AD100181CEA /* Build configuration list for PBXProject "DCFindUnusedCodeTool" */;
			compatibilityVersion = "Xcode 9.3";
			developmentRegion = en;
			hasScannedForEncodings = 0;
			knownRegions = (
				en,
				Base,
			);
			mainGroup = 0406BEFB22852AD100181CEA;
			productRefGroup = 0406BF0522852AD200181CEA /* Products */;
			projectDirPath = "";
			projectRoot = "";
			targets = (
				0406BF0322852AD200181CEA /* DCFindUnusedCodeTool */,
			);
		};
/* End PBXProject section */

/* Begin PBXResourcesBuildPhase section */
		0406BF0222852AD200181CEA /* Resources */ = {
			isa = PBXResourcesBuildPhase;
			buildActionMask = 2147483647;
			files = (
				0406BF0E22852AD300181CEA /* Assets.xcassets in Resources */,
				0406BF1122852AD300181CEA /* Main.storyboard in Resources */,
			);
			runOnlyForDeploymentPostprocessing = 0;
		};
/* End PBXResourcesBuildPhase section */

/* Begin PBXSourcesBuildPhase section */
		0406BF0022852AD200181CEA /* Sources */ = {
			isa = PBXSourcesBuildPhase;
			buildActionMask = 2147483647;
			files = (
				0406BF0C22852AD200181CEA /* ViewController.m in Sources */,
				0406BF1422852AD300181CEA /* main.m in Sources */,
				0406BF0922852AD200181CEA /* AppDelegate.m in Sources */,
			);
			runOnlyForDeploymentPostprocessing = 0;
		};
/* End PBXSourcesBuildPhase section */

/* Begin PBXVariantGroup section */
		0406BF0F22852AD300181CEA /* Main.storyboard */ = {
			isa = PBXVariantGroup;
			children = (
				0406BF1022852AD300181CEA /* Base */,
			);
			name = Main.storyboard;
			sourceTree = "<group>";
		};
/* End PBXVariantGroup section */

/* Begin XCBuildConfiguration section */
		0406BF1622852AD300181CEA /* Debug */ = {
			isa = XCBuildConfiguration;
			buildSettings = {
				ALWAYS_SEARCH_USER_PATHS = NO;
				CLANG_ANALYZER_NONNULL = YES;
				CLANG_ANALYZER_NUMBER_OBJECT_CONVERSION = YES_AGGRESSIVE;
				CLANG_CXX_LANGUAGE_STANDARD = "gnu++14";
				CLANG_CXX_LIBRARY = "libc++";
				CLANG_ENABLE_MODULES = YES;
				CLANG_ENABLE_OBJC_ARC = YES;
				CLANG_ENABLE_OBJC_WEAK = YES;
				CLANG_WARN_BLOCK_CAPTURE_AUTORELEASING = YES;
				CLANG_WARN_BOOL_CONVERSION = YES;
				CLANG_WARN_COMMA = YES;
				CLANG_WARN_CONSTANT_CONVERSION = YES;
				CLANG_WARN_DEPRECATED_OBJC_IMPLEMENTATIONS = YES;
				CLANG_WARN_DIRECT_OBJC_ISA_USAGE = YES_ERROR;
				CLANG_WARN_DOCUMENTATION_COMMENTS = YES;
				CLANG_WARN_EMPTY_BODY = YES;
				CLANG_WARN_ENUM_CONVERSION = YES;
				CLANG_WARN_INFINITE_RECURSION = YES;
				CLANG_WARN_INT_CONVERSION = YES;
				CLANG_WARN_NON_LITERAL_NULL_CONVERSION = YES;
				CLANG_WARN_OBJC_IMPLICIT_RETAIN_SELF = YES;
				CLANG_WARN_OBJC_LITERAL_CONVERSION = YES;
				CLANG_WARN_OBJC_ROOT_CLASS = YES_ERROR;
				CLANG_WARN_RANGE_LOOP_ANALYSIS = YES;
				CLANG_WARN_STRICT_PROTOTYPES = YES;
				CLANG_WARN_SUSPICIOUS_MOVE = YES;
				CLANG_WARN_UNGUARDED_AVAILABILITY = YES_AGGRESSIVE;
				CLANG_WARN_UNREACHABLE_CODE = YES;
				CLANG_WARN__DUPLICATE_METHOD_MATCH = YES;
				CODE_SIGN_IDENTITY = "Mac Developer";
				COPY_PHASE_STRIP = NO;
				DEBUG_INFORMATION_FORMAT = dwarf;
				ENABLE_STRICT_OBJC_MSGSEND = YES;
				ENABLE_TESTABILITY = YES;
				GCC_C_LANGUAGE_STANDARD = gnu11;
				GCC_DYNAMIC_NO_PIC = NO;
				GCC_NO_COMMON_BLOCKS = YES;
				GCC_OPTIMIZATION_LEVEL = 0;
				GCC_PREPROCESSOR_DEFINITIONS = (
					"DEBUG=1",
					"$(inherited)",
				);
				GCC_WARN_64_TO_32_BIT_CONVERSION = YES;
				GCC_WARN_ABOUT_RETURN_TYPE = YES_ERROR;
				GCC_WARN_UNDECLARED_SELECTOR = YES;
				GCC_WARN_UNINITIALIZED_AUTOS = YES_AGGRESSIVE;
				GCC_WARN_UNUSED_FUNCTION = YES;
				GCC_WARN_UNUSED_VARIABLE = YES;
				MACOSX_DEPLOYMENT_TARGET = 10.14;
				MTL_ENABLE_DEBUG_INFO = INCLUDE_SOURCE;
				MTL_FAST_MATH = YES;
				ONLY_ACTIVE_ARCH = YES;
				SDKROOT = macosx;
			};
			name = Debug;
		};
		0406BF1722852AD300181CEA /* Release */ = {
			isa = XCBuildConfiguration;
			buildSettings = {
				ALWAYS_SEARCH_USER_PATHS = NO;
				CLANG_ANALYZER_NONNULL = YES;
				CLANG_ANALYZER_NUMBER_OBJECT_CONVERSION = YES_AGGRESSIVE;
				CLANG_CXX_LANGUAGE_STANDARD = "gnu++14";
				CLANG_CXX_LIBRARY = "libc++";
				CLANG_ENABLE_MODULES = YES;
				CLANG_ENABLE_OBJC_ARC = YES;
				CLANG_ENABLE_OBJC_WEAK = YES;
				CLANG_WARN_BLOCK_CAPTURE_AUTORELEASING = YES;
				CLANG_WARN_BOOL_CONVERSION = YES;
				CLANG_WARN_COMMA = YES;
				CLANG_WARN_CONSTANT_CONVERSION = YES;
				CLANG_WARN_DEPRECATED_OBJC_IMPLEMENTATIONS = YES;
				CLANG_WARN_DIRECT_OBJC_ISA_USAGE = YES_ERROR;
				CLANG_WARN_DOCUMENTATION_COMMENTS = YES;
				CLANG_WARN_EMPTY_BODY = YES;
				CLANG_WARN_ENUM_CONVERSION = YES;
				CLANG_WARN_INFINITE_RECURSION = YES;
				CLANG_WARN_INT_CONVERSION = YES;
				CLANG_WARN_NON_LITERAL_NULL_CONVERSION = YES;
				CLANG_WARN_OBJC_IMPLICIT_RETAIN_SELF = YES;
				CLANG_WARN_OBJC_LITERAL_CONVERSION = YES;
				CLANG_WARN_OBJC_ROOT_CLASS = YES_ERROR;
				CLANG_WARN_RANGE_LOOP_ANALYSIS = YES;
				CLANG_WARN_STRICT_PROTOTYPES = YES;
				CLANG_WARN_SUSPICIOUS_MOVE = YES;
				CLANG_WARN_UNGUARDED_AVAILABILITY = YES_AGGRESSIVE;
				CLANG_WARN_UNREACHABLE_CODE = YES;
				CLANG_WARN__DUPLICATE_METHOD_MATCH = YES;
				CODE_SIGN_IDENTITY = "Mac Developer";
				COPY_PHASE_STRIP = NO;
				DEBUG_INFORMATION_FORMAT = "dwarf-with-dsym";
				ENABLE_NS_ASSERTIONS = NO;
				ENABLE_STRICT_OBJC_MSGSEND = YES;
				GCC_C_LANGUAGE_STANDARD = gnu11;
				GCC_NO_COMMON_BLOCKS = YES;
				GCC_WARN_64_TO_32_BIT_CONVERSION = YES;
				GCC_WARN_ABOUT_RETURN_TYPE = YES_ERROR;
				GCC_WARN_UNDECLARED_SELECTOR = YES;
				GCC_WARN_UNINITIALIZED_AUTOS = YES_AGGRESSIVE;
				GCC_WARN_UNUSED_FUNCTION = YES;
				GCC_WARN_UNUSED_VARIABLE = YES;
				MACOSX_DEPLOYMENT_TARGET = 10.14;
				MTL_ENABLE_DEBUG_INFO = NO;
				MTL_FAST_MATH = YES;
				SDKROOT = macosx;
			};
			name = Release;
		};
		0406BF1922852AD300181CEA /* Debug */ = {
			isa = XCBuildConfiguration;
			buildSettings = {
				ASSETCATALOG_COMPILER_APPICON_NAME = AppIcon;
				CODE_SIGN_ENTITLEMENTS = DCFindUnusedCodeTool/DCFindUnusedCodeTool.entitlements;
				CODE_SIGN_STYLE = Automatic;
				COMBINE_HIDPI_IMAGES = YES;
				DEVELOPMENT_TEAM = 58AX2C9KK3;
				INFOPLIST_FILE = DCFindUnusedCodeTool/Info.plist;
				LD_RUNPATH_SEARCH_PATHS = (
					"$(inherited)",
					"@executable_path/../Frameworks",
				);
				PRODUCT_BUNDLE_IDENTIFIER = com.xzm.DCFindUnusedCodeTool;
				PRODUCT_NAME = "$(TARGET_NAME)";
			};
			name = Debug;
		};
		0406BF1A22852AD300181CEA /* Release */ = {
			isa = XCBuildConfiguration;
			buildSettings = {
				ASSETCATALOG_COMPILER_APPICON_NAME = AppIcon;
				CODE_SIGN_ENTITLEMENTS = DCFindUnusedCodeTool/DCFindUnusedCodeTool.entitlements;
				CODE_SIGN_STYLE = Automatic;
				COMBINE_HIDPI_IMAGES = YES;
				DEVELOPMENT_TEAM = 58AX2C9KK3;
				INFOPLIST_FILE = DCFindUnusedCodeTool/Info.plist;
				LD_RUNPATH_SEARCH_PATHS = (
					"$(inherited)",
					"@executable_path/../Frameworks",
				);
				PRODUCT_BUNDLE_IDENTIFIER = com.xzm.DCFindUnusedCodeTool;
				PRODUCT_NAME = "$(TARGET_NAME)";
			};
			name = Release;
		};
/* End XCBuildConfiguration section */

/* Begin XCConfigurationList section */
		0406BEFF22852AD100181CEA /* Build configuration list for PBXProject "DCFindUnusedCodeTool" */ = {
			isa = XCConfigurationList;
			buildConfigurations = (
				0406BF1622852AD300181CEA /* Debug */,
				0406BF1722852AD300181CEA /* Release */,
			);
			defaultConfigurationIsVisible = 0;
			defaultConfigurationName = Release;
		};
		0406BF1822852AD300181CEA /* Build configuration list for PBXNativeTarget "DCFindUnusedCodeTool" */ = {
			isa = XCConfigurationList;
			buildConfigurations = (
				0406BF1922852AD300181CEA /* Debug */,
				0406BF1A22852AD300181CEA /* Release */,
			);
			defaultConfigurationIsVisible = 0;
			defaultConfigurationName = Release;
		};
/* End XCConfigurationList section */
	};
	rootObject = 0406BEFC22852AD100181CEA /* Project object */;
}
